
Microsoft Visual Studio Solution File, Format Version 12.00
# Visual Studio 15
VisualStudioVersion = 15.0.28307.1000
MinimumVisualStudioVersion = 10.0.40219.1
Project("{9A19103F-16F7-4668-BE54-9A1E7A4F7556}") = "TwoDArray", "TwoDArray.csproj", "{B4783C06-3E43-481C-9C77-9F97D3EC9BCB}"
EndProject
Global
	GlobalSection(SolutionConfigurationPlatforms) = preSolution
		Debug|Any CPU = Debug|Any CPU
		Release|Any CPU = Release|Any CPU
	EndGlobalSection
	GlobalSection(ProjectConfigurationPlatforms) = postSolution
		{B4783C06-3E43-481C-9C77-9F97D3EC9BCB}.Debug|Any CPU.ActiveCfg = Debug|Any CPU
		{B4783C06-3E43-481C-9C77-9F97D3EC9BCB}.Debug|Any CPU.Build.0 = Debug|Any CPU
		{B4783C06-3E43-481C-9C77-9F97D3EC9BCB}.Release|Any CPU.ActiveCfg = Release|Any CPU
		{B4783C06-3E43-481C-9C77-9F97D3EC9BCB}.Release|Any CPU.Build.0 = Release|Any CPU
	EndGlobalSection
	GlobalSection(SolutionProperties) = preSolution
		HideSolutionNode = FALSE
	EndGlobalSection
	GlobalSection(ExtensibilityGlobals) = postSolution
		SolutionGuid = {37959B0D-8B74-48B0-A847-2FE8AC7E77E2}
	EndGlobalSection
EndGlobal
